PODS:
  - app_client_shared (1.0)

DEPENDENCIES:
  - app_client_shared (from `../app_client_shared`)

EXTERNAL SOURCES:
  app_client_shared:
    :path: "../app_client_shared"

SPEC CHECKSUMS:
  app_client_shared: 97490989822ed8a6ccba5a8a8f203c5a575cd76e

PODFILE CHECKSUM: 592512488f67ea1b23c13d3eb6473eb9a0cad522

COCOAPODS: 1.12.1
