// !$*UTF8*$!
{
	archiveVersion = 1;
	classes = {
	};
	objectVersion = 53;
	objects = {

/* Begin PBXBuildFile section */
		2152FB042600AC8F00CF470E /* iOSApp.swift in Sources */ = {isa = PBXBuildFile; fileRef = 2152FB032600AC8F00CF470E /* iOSApp.swift */; };
		7555FF83242A565900829871 /* MainActivity.swift in Sources */ = {isa = PBXBuildFile; fileRef = 7555FF82242A565900829871 /* MainActivity.swift */; };
		C704A3192A92688A00675174 /* lib_ios_ui_core.framework in Frameworks */ = {isa = PBXBuildFile; fileRef = C704A3182A92688A00675174 /* lib_ios_ui_core.framework */; };
		C704A31A2A92688A00675174 /* lib_ios_ui_core.framework in Embed Frameworks */ = {isa = PBXBuildFile; fileRef = C704A3182A92688A00675174 /* lib_ios_ui_core.framework */; settings = {ATTRIBUTES = (CodeSignOnCopy, RemoveHeadersOnCopy, ); }; };
		C704A32E2A926A2E00675174 /* lib_ios_core.framework in Frameworks */ = {isa = PBXBuildFile; fileRef = C704A32B2A926A1A00675174 /* lib_ios_core.framework */; };
		C704A32F2A926A2E00675174 /* lib_ios_core.framework in Embed Frameworks */ = {isa = PBXBuildFile; fileRef = C704A32B2A926A1A00675174 /* lib_ios_core.framework */; settings = {ATTRIBUTES = (CodeSignOnCopy, RemoveHeadersOnCopy, ); }; };
		C704A3382A926DC200675174 /* Assets.xcassets in Resources */ = {isa = PBXBuildFile; fileRef = 058557BA273AAA24004C7B11 /* Assets.xcassets */; };
		C704A33A2A926F6D00675174 /* lib_ios_app_core.framework in Frameworks */ = {isa = PBXBuildFile; fileRef = C704A3392A926F6D00675174 /* lib_ios_app_core.framework */; };
		C704A33B2A926F6D00675174 /* lib_ios_app_core.framework in Embed Frameworks */ = {isa = PBXBuildFile; fileRef = C704A3392A926F6D00675174 /* lib_ios_app_core.framework */; settings = {ATTRIBUTES = (CodeSignOnCopy, RemoveHeadersOnCopy, ); }; };
		C71DC3082A9232880035B7F3 /* Pods_app_client.framework in Frameworks */ = {isa = PBXBuildFile; fileRef = C71DC3072A9232880035B7F3 /* Pods_app_client.framework */; };
		C71DC3092A9232880035B7F3 /* Pods_app_client.framework in Embed Frameworks */ = {isa = PBXBuildFile; fileRef = C71DC3072A9232880035B7F3 /* Pods_app_client.framework */; settings = {ATTRIBUTES = (CodeSignOnCopy, RemoveHeadersOnCopy, ); }; };
		C73DDCF72A9B670100FF1DD8 /* NavigationGraph.swift in Sources */ = {isa = PBXBuildFile; fileRef = C73DDCF62A9B670100FF1DD8 /* NavigationGraph.swift */; };
		C73DDCF92A9B672500FF1DD8 /* BottomNavigationItems.swift in Sources */ = {isa = PBXBuildFile; fileRef = C73DDCF82A9B672500FF1DD8 /* BottomNavigationItems.swift */; };
		C73DDCFB2A9B68E600FF1DD8 /* NavigationRouteManager.swift in Sources */ = {isa = PBXBuildFile; fileRef = C73DDCFA2A9B68E600FF1DD8 /* NavigationRouteManager.swift */; };
		C7757A942A925FBA008B1DDC /* lib_ios_ui_cpt.framework in Frameworks */ = {isa = PBXBuildFile; fileRef = C7757A932A925FBA008B1DDC /* lib_ios_ui_cpt.framework */; };
		C7757A952A925FBA008B1DDC /* lib_ios_ui_cpt.framework in Embed Frameworks */ = {isa = PBXBuildFile; fileRef = C7757A932A925FBA008B1DDC /* lib_ios_ui_cpt.framework */; settings = {ATTRIBUTES = (CodeSignOnCopy, RemoveHeadersOnCopy, ); }; };
		C79B61062AA78A6700C5EA47 /* PageSplash.swift in Sources */ = {isa = PBXBuildFile; fileRef = C79B61052AA78A6700C5EA47 /* PageSplash.swift */; };
		C79B61082AA78B1600C5EA47 /* PageLounge.swift in Sources */ = {isa = PBXBuildFile; fileRef = C79B61072AA78B1600C5EA47 /* PageLounge.swift */; };
		C79B610A2AA78B3600C5EA47 /* PageCart.swift in Sources */ = {isa = PBXBuildFile; fileRef = C79B61092AA78B3600C5EA47 /* PageCart.swift */; };
		C79B610C2AA78B4F00C5EA47 /* PageCheck.swift in Sources */ = {isa = PBXBuildFile; fileRef = C79B610B2AA78B4F00C5EA47 /* PageCheck.swift */; };
		C79B610E2AA78B6D00C5EA47 /* PageMenu.swift in Sources */ = {isa = PBXBuildFile; fileRef = C79B610D2AA78B6D00C5EA47 /* PageMenu.swift */; };
		C79B61102AA78B8400C5EA47 /* PageShop.swift in Sources */ = {isa = PBXBuildFile; fileRef = C79B610F2AA78B8400C5EA47 /* PageShop.swift */; };
/* End PBXBuildFile section */

/* Begin PBXCopyFilesBuildPhase section */
		C7C2003E2A91166700B3270C /* Embed Frameworks */ = {
			isa = PBXCopyFilesBuildPhase;
			buildActionMask = 2147483647;
			dstPath = "";
			dstSubfolderSpec = 10;
			files = (
				C71DC3092A9232880035B7F3 /* Pods_app_client.framework in Embed Frameworks */,
				C704A32F2A926A2E00675174 /* lib_ios_core.framework in Embed Frameworks */,
				C704A31A2A92688A00675174 /* lib_ios_ui_core.framework in Embed Frameworks */,
				C7757A952A925FBA008B1DDC /* lib_ios_ui_cpt.framework in Embed Frameworks */,
				C704A33B2A926F6D00675174 /* lib_ios_app_core.framework in Embed Frameworks */,
			);
			name = "Embed Frameworks";
			runOnlyForDeploymentPostprocessing = 0;
		};
/* End PBXCopyFilesBuildPhase section */

/* Begin PBXFileReference section */
		058557BA273AAA24004C7B11 /* Assets.xcassets */ = {isa = PBXFileReference; lastKnownFileType = folder.assetcatalog; path = Assets.xcassets; sourceTree = "<group>"; };
		058557D8273AAEEB004C7B11 /* Preview Assets.xcassets */ = {isa = PBXFileReference; lastKnownFileType = folder.assetcatalog; path = "Preview Assets.xcassets"; sourceTree = "<group>"; };
		2152FB032600AC8F00CF470E /* iOSApp.swift */ = {isa = PBXFileReference; lastKnownFileType = sourcecode.swift; path = iOSApp.swift; sourceTree = "<group>"; };
		7555FF7B242A565900829871 /* app_client.app */ = {isa = PBXFileReference; explicitFileType = wrapper.application; includeInIndex = 0; path = app_client.app; sourceTree = BUILT_PRODUCTS_DIR; };
		7555FF82242A565900829871 /* MainActivity.swift */ = {isa = PBXFileReference; lastKnownFileType = sourcecode.swift; path = MainActivity.swift; sourceTree = "<group>"; };
		7555FF8C242A565B00829871 /* Info.plist */ = {isa = PBXFileReference; lastKnownFileType = text.plist.xml; path = Info.plist; sourceTree = "<group>"; };
		BABE8E91365453B8E3E86053 /* Pods-app_client.release.xcconfig */ = {isa = PBXFileReference; includeInIndex = 1; lastKnownFileType = text.xcconfig; name = "Pods-app_client.release.xcconfig"; path = "../../Pods/Target Support Files/Pods-app_client/Pods-app_client.release.xcconfig"; sourceTree = "<group>"; };
		C704A3182A92688A00675174 /* lib_ios_ui_core.framework */ = {isa = PBXFileReference; explicitFileType = wrapper.framework; path = lib_ios_ui_core.framework; sourceTree = BUILT_PRODUCTS_DIR; };
		C704A32B2A926A1A00675174 /* lib_ios_core.framework */ = {isa = PBXFileReference; explicitFileType = wrapper.framework; path = lib_ios_core.framework; sourceTree = BUILT_PRODUCTS_DIR; };
		C704A3392A926F6D00675174 /* lib_ios_app_core.framework */ = {isa = PBXFileReference; explicitFileType = wrapper.framework; path = lib_ios_app_core.framework; sourceTree = BUILT_PRODUCTS_DIR; };
		C71DC3072A9232880035B7F3 /* Pods_app_client.framework */ = {isa = PBXFileReference; explicitFileType = wrapper.framework; path = Pods_app_client.framework; sourceTree = BUILT_PRODUCTS_DIR; };
		C73DDCF62A9B670100FF1DD8 /* NavigationGraph.swift */ = {isa = PBXFileReference; lastKnownFileType = sourcecode.swift; path = NavigationGraph.swift; sourceTree = "<group>"; };
		C73DDCF82A9B672500FF1DD8 /* BottomNavigationItems.swift */ = {isa = PBXFileReference; lastKnownFileType = sourcecode.swift; path = BottomNavigationItems.swift; sourceTree = "<group>"; };
		C73DDCFA2A9B68E600FF1DD8 /* NavigationRouteManager.swift */ = {isa = PBXFileReference; lastKnownFileType = sourcecode.swift; path = NavigationRouteManager.swift; sourceTree = "<group>"; };
		C7757A932A925FBA008B1DDC /* lib_ios_ui_cpt.framework */ = {isa = PBXFileReference; explicitFileType = wrapper.framework; path = lib_ios_ui_cpt.framework; sourceTree = BUILT_PRODUCTS_DIR; };
		C79B61052AA78A6700C5EA47 /* PageSplash.swift */ = {isa = PBXFileReference; lastKnownFileType = sourcecode.swift; path = PageSplash.swift; sourceTree = "<group>"; };
		C79B61072AA78B1600C5EA47 /* PageLounge.swift */ = {isa = PBXFileReference; lastKnownFileType = sourcecode.swift; path = PageLounge.swift; sourceTree = "<group>"; };
		C79B61092AA78B3600C5EA47 /* PageCart.swift */ = {isa = PBXFileReference; lastKnownFileType = sourcecode.swift; path = PageCart.swift; sourceTree = "<group>"; };
		C79B610B2AA78B4F00C5EA47 /* PageCheck.swift */ = {isa = PBXFileReference; lastKnownFileType = sourcecode.swift; path = PageCheck.swift; sourceTree = "<group>"; };
		C79B610D2AA78B6D00C5EA47 /* PageMenu.swift */ = {isa = PBXFileReference; lastKnownFileType = sourcecode.swift; path = PageMenu.swift; sourceTree = "<group>"; };
		C79B610F2AA78B8400C5EA47 /* PageShop.swift */ = {isa = PBXFileReference; lastKnownFileType = sourcecode.swift; path = PageShop.swift; sourceTree = "<group>"; };
		F15D286FA37BF3175F334336 /* Pods-app_client.debug.xcconfig */ = {isa = PBXFileReference; includeInIndex = 1; lastKnownFileType = text.xcconfig; name = "Pods-app_client.debug.xcconfig"; path = "../../Pods/Target Support Files/Pods-app_client/Pods-app_client.debug.xcconfig"; sourceTree = "<group>"; };
/* End PBXFileReference section */

/* Begin PBXFrameworksBuildPhase section */
		CF92844A9BA65FFCC990BBB7 /* Frameworks */ = {
			isa = PBXFrameworksBuildPhase;
			buildActionMask = 2147483647;
			files = (
				C71DC3082A9232880035B7F3 /* Pods_app_client.framework in Frameworks */,
				C704A3192A92688A00675174 /* lib_ios_ui_core.framework in Frameworks */,
				C7757A942A925FBA008B1DDC /* lib_ios_ui_cpt.framework in Frameworks */,
				C704A33A2A926F6D00675174 /* lib_ios_app_core.framework in Frameworks */,
				C704A32E2A926A2E00675174 /* lib_ios_core.framework in Frameworks */,
			);
			runOnlyForDeploymentPostprocessing = 0;
		};
/* End PBXFrameworksBuildPhase section */

/* Begin PBXGroup section */
		058557D7273AAEEB004C7B11 /* Preview Content */ = {
			isa = PBXGroup;
			children = (
				058557D8273AAEEB004C7B11 /* Preview Assets.xcassets */,
			);
			path = "Preview Content";
			sourceTree = "<group>";
		};
		1824A4DA6DFA1217D9C8E08F /* Pods */ = {
			isa = PBXGroup;
			children = (
				F15D286FA37BF3175F334336 /* Pods-app_client.debug.xcconfig */,
				BABE8E91365453B8E3E86053 /* Pods-app_client.release.xcconfig */,
			);
			path = Pods;
			sourceTree = "<group>";
		};
		7555FF72242A565900829871 = {
			isa = PBXGroup;
			children = (
				C704A3312A926BCE00675174 /* src */,
				7555FF7C242A565900829871 /* Products */,
				1824A4DA6DFA1217D9C8E08F /* Pods */,
				F4FFFDA41D6D485595055EC0 /* Frameworks */,
			);
			sourceTree = "<group>";
		};
		7555FF7C242A565900829871 /* Products */ = {
			isa = PBXGroup;
			children = (
				7555FF7B242A565900829871 /* app_client.app */,
			);
			name = Products;
			sourceTree = "<group>";
		};
		C704A3312A926BCE00675174 /* src */ = {
			isa = PBXGroup;
			children = (
				C704A3322A926BD400675174 /* com */,
			);
			path = src;
			sourceTree = "<group>";
		};
		C704A3322A926BD400675174 /* com */ = {
			isa = PBXGroup;
			children = (
				C704A3332A926BDA00675174 /* tezov */,
			);
			path = com;
			sourceTree = "<group>";
		};
		C704A3332A926BDA00675174 /* tezov */ = {
			isa = PBXGroup;
			children = (
				C704A3342A926C0E00675174 /* rouedelice */,
			);
			path = tezov;
			sourceTree = "<group>";
		};
		C704A3342A926C0E00675174 /* rouedelice */ = {
			isa = PBXGroup;
			children = (
				C704A3352A926C1900675174 /* client */,
			);
			path = rouedelice;
			sourceTree = "<group>";
		};
		C704A3352A926C1900675174 /* client */ = {
			isa = PBXGroup;
			children = (
				C73DDCF12A9B66AC00FF1DD8 /* navigation */,
				C73DDCF22A9B66B800FF1DD8 /* ui */,
				058557BA273AAA24004C7B11 /* Assets.xcassets */,
				7555FF8C242A565B00829871 /* Info.plist */,
				2152FB032600AC8F00CF470E /* iOSApp.swift */,
				058557D7273AAEEB004C7B11 /* Preview Content */,
			);
			path = client;
			sourceTree = "<group>";
		};
		C73DDCF12A9B66AC00FF1DD8 /* navigation */ = {
			isa = PBXGroup;
			children = (
				C73DDCF42A9B66DE00FF1DD8 /* bottom_navigation */,
				C73DDCF62A9B670100FF1DD8 /* NavigationGraph.swift */,
				C73DDCFA2A9B68E600FF1DD8 /* NavigationRouteManager.swift */,
			);
			path = navigation;
			sourceTree = "<group>";
		};
		C73DDCF22A9B66B800FF1DD8 /* ui */ = {
			isa = PBXGroup;
			children = (
				C73DDCF32A9B66C600FF1DD8 /* activity */,
				C79B60FB2AA7899900C5EA47 /* pageMain */,
			);
			path = ui;
			sourceTree = "<group>";
		};
		C73DDCF32A9B66C600FF1DD8 /* activity */ = {
			isa = PBXGroup;
			children = (
				7555FF82242A565900829871 /* MainActivity.swift */,
			);
			path = activity;
			sourceTree = "<group>";
		};
		C73DDCF42A9B66DE00FF1DD8 /* bottom_navigation */ = {
			isa = PBXGroup;
			children = (
				C73DDCF82A9B672500FF1DD8 /* BottomNavigationItems.swift */,
			);
			path = bottom_navigation;
			sourceTree = "<group>";
		};
		C79B60FB2AA7899900C5EA47 /* pageMain */ = {
			isa = PBXGroup;
			children = (
				C79B60FD2AA789B500C5EA47 /* auth */,
				C79B60FC2AA789A700C5EA47 /* lobby */,
			);
			path = pageMain;
			sourceTree = "<group>";
		};
		C79B60FC2AA789A700C5EA47 /* lobby */ = {
			isa = PBXGroup;
			children = (
				C79B60FE2AA789C000C5EA47 /* lounge */,
				C79B60FF2AA789C900C5EA47 /* splash */,
			);
			path = lobby;
			sourceTree = "<group>";
		};
		C79B60FD2AA789B500C5EA47 /* auth */ = {
			isa = PBXGroup;
			children = (
				C79B61002AA789D400C5EA47 /* cart */,
				C79B61012AA789E000C5EA47 /* check */,
				C79B61032AA78A0A00C5EA47 /* menu */,
				C79B61042AA78A1600C5EA47 /* shop */,
			);
			path = auth;
			sourceTree = "<group>";
		};
		C79B60FE2AA789C000C5EA47 /* lounge */ = {
			isa = PBXGroup;
			children = (
				C79B61072AA78B1600C5EA47 /* PageLounge.swift */,
			);
			path = lounge;
			sourceTree = "<group>";
		};
		C79B60FF2AA789C900C5EA47 /* splash */ = {
			isa = PBXGroup;
			children = (
				C79B61052AA78A6700C5EA47 /* PageSplash.swift */,
			);
			path = splash;
			sourceTree = "<group>";
		};
		C79B61002AA789D400C5EA47 /* cart */ = {
			isa = PBXGroup;
			children = (
				C79B61092AA78B3600C5EA47 /* PageCart.swift */,
			);
			path = cart;
			sourceTree = "<group>";
		};
		C79B61012AA789E000C5EA47 /* check */ = {
			isa = PBXGroup;
			children = (
				C79B610B2AA78B4F00C5EA47 /* PageCheck.swift */,
			);
			path = check;
			sourceTree = "<group>";
		};
		C79B61032AA78A0A00C5EA47 /* menu */ = {
			isa = PBXGroup;
			children = (
				C79B610D2AA78B6D00C5EA47 /* PageMenu.swift */,
			);
			path = menu;
			sourceTree = "<group>";
		};
		C79B61042AA78A1600C5EA47 /* shop */ = {
			isa = PBXGroup;
			children = (
				C79B610F2AA78B8400C5EA47 /* PageShop.swift */,
			);
			path = shop;
			sourceTree = "<group>";
		};
		F4FFFDA41D6D485595055EC0 /* Frameworks */ = {
			isa = PBXGroup;
			children = (
				C704A3392A926F6D00675174 /* lib_ios_app_core.framework */,
				C704A32B2A926A1A00675174 /* lib_ios_core.framework */,
				C704A3182A92688A00675174 /* lib_ios_ui_core.framework */,
				C7757A932A925FBA008B1DDC /* lib_ios_ui_cpt.framework */,
				C71DC3072A9232880035B7F3 /* Pods_app_client.framework */,
			);
			name = Frameworks;
			sourceTree = "<group>";
		};
/* End PBXGroup section */

/* Begin PBXNativeTarget section */
		7555FF7A242A565900829871 /* app_client */ = {
			isa = PBXNativeTarget;
			buildConfigurationList = 7555FFA5242A565B00829871 /* Build configuration list for PBXNativeTarget "app_client" */;
			buildPhases = (
				7F901F6AC025AB4BA6AA7EB8 /* [CP] Check Pods Manifest.lock */,
				7555FF77242A565900829871 /* Sources */,
				CF92844A9BA65FFCC990BBB7 /* Frameworks */,
				C7C2003E2A91166700B3270C /* Embed Frameworks */,
				C704A3362A926DAF00675174 /* Resources */,
			);
			buildRules = (
			);
			dependencies = (
			);
			name = app_client;
			productName = app_client;
			productReference = 7555FF7B242A565900829871 /* app_client.app */;
			productType = "com.apple.product-type.application";
		};
/* End PBXNativeTarget section */

/* Begin PBXProject section */
		7555FF73242A565900829871 /* Project object */ = {
			isa = PBXProject;
			attributes = {
				BuildIndependentTargetsInParallel = YES;
				LastSwiftUpdateCheck = 1130;
				LastUpgradeCheck = 1430;
				ORGANIZATIONNAME = orgName;
				TargetAttributes = {
					7555FF7A242A565900829871 = {
						CreatedOnToolsVersion = 11.3.1;
					};
				};
			};
			buildConfigurationList = 7555FF76242A565900829871 /* Build configuration list for PBXProject "app_client" */;
			compatibilityVersion = "Xcode 9.3";
			developmentRegion = en;
			hasScannedForEncodings = 0;
			knownRegions = (
				en,
				Base,
			);
			mainGroup = 7555FF72242A565900829871;
			productRefGroup = 7555FF7C242A565900829871 /* Products */;
			projectDirPath = "";
			projectRoot = "";
			targets = (
				7555FF7A242A565900829871 /* app_client */,
			);
		};
/* End PBXProject section */

/* Begin PBXResourcesBuildPhase section */
		C704A3362A926DAF00675174 /* Resources */ = {
			isa = PBXResourcesBuildPhase;
			buildActionMask = 2147483647;
			files = (
				C704A3382A926DC200675174 /* Assets.xcassets in Resources */,
			);
			runOnlyForDeploymentPostprocessing = 0;
		};
/* End PBXResourcesBuildPhase section */

/* Begin PBXShellScriptBuildPhase section */
		7F901F6AC025AB4BA6AA7EB8 /* [CP] Check Pods Manifest.lock */ = {
			isa = PBXShellScriptBuildPhase;
			buildActionMask = 2147483647;
			files = (
			);
			inputFileListPaths = (
			);
			inputPaths = (
				"${PODS_PODFILE_DIR_PATH}/Podfile.lock",
				"${PODS_ROOT}/Manifest.lock",
			);
			name = "[CP] Check Pods Manifest.lock";
			outputFileListPaths = (
			);
			outputPaths = (
				"$(DERIVED_FILE_DIR)/Pods-app_client-checkManifestLockResult.txt",
			);
			runOnlyForDeploymentPostprocessing = 0;
			shellPath = /bin/sh;
			shellScript = "diff \"${PODS_PODFILE_DIR_PATH}/Podfile.lock\" \"${PODS_ROOT}/Manifest.lock\" > /dev/null\nif [ $? != 0 ] ; then\n    # print error to STDERR\n    echo \"error: The sandbox is not in sync with the Podfile.lock. Run 'pod install' or update your CocoaPods installation.\" >&2\n    exit 1\nfi\n# This output is used by Xcode 'outputs' to avoid re-running this script phase.\necho \"SUCCESS\" > \"${SCRIPT_OUTPUT_FILE_0}\"\n";
			showEnvVarsInLog = 0;
		};
/* End PBXShellScriptBuildPhase section */

/* Begin PBXSourcesBuildPhase section */
		7555FF77242A565900829871 /* Sources */ = {
			isa = PBXSourcesBuildPhase;
			buildActionMask = 2147483647;
			files = (
				C79B610A2AA78B3600C5EA47 /* PageCart.swift in Sources */,
				2152FB042600AC8F00CF470E /* iOSApp.swift in Sources */,
				C73DDCF92A9B672500FF1DD8 /* BottomNavigationItems.swift in Sources */,
				C73DDCFB2A9B68E600FF1DD8 /* NavigationRouteManager.swift in Sources */,
				C79B61062AA78A6700C5EA47 /* PageSplash.swift in Sources */,
				C79B610C2AA78B4F00C5EA47 /* PageCheck.swift in Sources */,
				7555FF83242A565900829871 /* MainActivity.swift in Sources */,
				C79B610E2AA78B6D00C5EA47 /* PageMenu.swift in Sources */,
				C79B61082AA78B1600C5EA47 /* PageLounge.swift in Sources */,
				C79B61102AA78B8400C5EA47 /* PageShop.swift in Sources */,
				C73DDCF72A9B670100FF1DD8 /* NavigationGraph.swift in Sources */,
			);
			runOnlyForDeploymentPostprocessing = 0;
		};
/* End PBXSourcesBuildPhase section */

/* Begin XCBuildConfiguration section */
		7555FFA3242A565B00829871 /* Debug */ = {
			isa = XCBuildConfiguration;
			buildSettings = {
				ALWAYS_SEARCH_USER_PATHS = NO;
				CLANG_ANALYZER_NONNULL = YES;
				CLANG_ANALYZER_NUMBER_OBJECT_CONVERSION = YES_AGGRESSIVE;
				CLANG_CXX_LANGUAGE_STANDARD = "gnu++14";
				CLANG_CXX_LIBRARY = "libc++";
				CLANG_ENABLE_MODULES = YES;
				CLANG_ENABLE_OBJC_ARC = YES;
				CLANG_ENABLE_OBJC_WEAK = YES;
				CLANG_WARN_BLOCK_CAPTURE_AUTORELEASING = YES;
				CLANG_WARN_BOOL_CONVERSION = YES;
				CLANG_WARN_COMMA = YES;
				CLANG_WARN_CONSTANT_CONVERSION = YES;
				CLANG_WARN_DEPRECATED_OBJC_IMPLEMENTATIONS = YES;
				CLANG_WARN_DIRECT_OBJC_ISA_USAGE = YES_ERROR;
				CLANG_WARN_DOCUMENTATION_COMMENTS = YES;
				CLANG_WARN_EMPTY_BODY = YES;
				CLANG_WARN_ENUM_CONVERSION = YES;
				CLANG_WARN_INFINITE_RECURSION = YES;
				CLANG_WARN_INT_CONVERSION = YES;
				CLANG_WARN_NON_LITERAL_NULL_CONVERSION = YES;
				CLANG_WARN_OBJC_IMPLICIT_RETAIN_SELF = YES;
				CLANG_WARN_OBJC_LITERAL_CONVERSION = YES;
				CLANG_WARN_OBJC_ROOT_CLASS = YES_ERROR;
				CLANG_WARN_QUOTED_INCLUDE_IN_FRAMEWORK_HEADER = YES;
				CLANG_WARN_RANGE_LOOP_ANALYSIS = YES;
				CLANG_WARN_STRICT_PROTOTYPES = YES;
				CLANG_WARN_SUSPICIOUS_MOVE = YES;
				CLANG_WARN_UNGUARDED_AVAILABILITY = YES_AGGRESSIVE;
				CLANG_WARN_UNREACHABLE_CODE = YES;
				CLANG_WARN__DUPLICATE_METHOD_MATCH = YES;
				COPY_PHASE_STRIP = NO;
				DEBUG_INFORMATION_FORMAT = "dwarf-with-dsym";
				ENABLE_STRICT_OBJC_MSGSEND = YES;
				ENABLE_TESTABILITY = YES;
				GCC_C_LANGUAGE_STANDARD = gnu11;
				GCC_DYNAMIC_NO_PIC = NO;
				GCC_NO_COMMON_BLOCKS = YES;
				GCC_OPTIMIZATION_LEVEL = 0;
				GCC_PREPROCESSOR_DEFINITIONS = (
					"DEBUG=1",
					"$(inherited)",
				);
				GCC_WARN_64_TO_32_BIT_CONVERSION = YES;
				GCC_WARN_ABOUT_RETURN_TYPE = YES_ERROR;
				GCC_WARN_UNDECLARED_SELECTOR = YES;
				GCC_WARN_UNINITIALIZED_AUTOS = YES_AGGRESSIVE;
				GCC_WARN_UNUSED_FUNCTION = YES;
				GCC_WARN_UNUSED_VARIABLE = YES;
				IPHONEOS_DEPLOYMENT_TARGET = 14.0;
				MTL_ENABLE_DEBUG_INFO = INCLUDE_SOURCE;
				MTL_FAST_MATH = YES;
				ONLY_ACTIVE_ARCH = YES;
				SDKROOT = iphoneos;
				SWIFT_ACTIVE_COMPILATION_CONDITIONS = DEBUG;
				SWIFT_OPTIMIZATION_LEVEL = "-Onone";
			};
			name = Debug;
		};
		7555FFA4242A565B00829871 /* Release */ = {
			isa = XCBuildConfiguration;
			buildSettings = {
				ALWAYS_SEARCH_USER_PATHS = NO;
				CLANG_ANALYZER_NONNULL = YES;
				CLANG_ANALYZER_NUMBER_OBJECT_CONVERSION = YES_AGGRESSIVE;
				CLANG_CXX_LANGUAGE_STANDARD = "gnu++14";
				CLANG_CXX_LIBRARY = "libc++";
				CLANG_ENABLE_MODULES = YES;
				CLANG_ENABLE_OBJC_ARC = YES;
				CLANG_ENABLE_OBJC_WEAK = YES;
				CLANG_WARN_BLOCK_CAPTURE_AUTORELEASING = YES;
				CLANG_WARN_BOOL_CONVERSION = YES;
				CLANG_WARN_COMMA = YES;
				CLANG_WARN_CONSTANT_CONVERSION = YES;
				CLANG_WARN_DEPRECATED_OBJC_IMPLEMENTATIONS = YES;
				CLANG_WARN_DIRECT_OBJC_ISA_USAGE = YES_ERROR;
				CLANG_WARN_DOCUMENTATION_COMMENTS = YES;
				CLANG_WARN_EMPTY_BODY = YES;
				CLANG_WARN_ENUM_CONVERSION = YES;
				CLANG_WARN_INFINITE_RECURSION = YES;
				CLANG_WARN_INT_CONVERSION = YES;
				CLANG_WARN_NON_LITERAL_NULL_CONVERSION = YES;
				CLANG_WARN_OBJC_IMPLICIT_RETAIN_SELF = YES;
				CLANG_WARN_OBJC_LITERAL_CONVERSION = YES;
				CLANG_WARN_OBJC_ROOT_CLASS = YES_ERROR;
				CLANG_WARN_QUOTED_INCLUDE_IN_FRAMEWORK_HEADER = YES;
				CLANG_WARN_RANGE_LOOP_ANALYSIS = YES;
				CLANG_WARN_STRICT_PROTOTYPES = YES;
				CLANG_WARN_SUSPICIOUS_MOVE = YES;
				CLANG_WARN_UNGUARDED_AVAILABILITY = YES_AGGRESSIVE;
				CLANG_WARN_UNREACHABLE_CODE = YES;
				CLANG_WARN__DUPLICATE_METHOD_MATCH = YES;
				COPY_PHASE_STRIP = NO;
				DEBUG_INFORMATION_FORMAT = "dwarf-with-dsym";
				ENABLE_NS_ASSERTIONS = NO;
				ENABLE_STRICT_OBJC_MSGSEND = YES;
				GCC_C_LANGUAGE_STANDARD = gnu11;
				GCC_NO_COMMON_BLOCKS = YES;
				GCC_WARN_64_TO_32_BIT_CONVERSION = YES;
				GCC_WARN_ABOUT_RETURN_TYPE = YES_ERROR;
				GCC_WARN_UNDECLARED_SELECTOR = YES;
				GCC_WARN_UNINITIALIZED_AUTOS = YES_AGGRESSIVE;
				GCC_WARN_UNUSED_FUNCTION = YES;
				GCC_WARN_UNUSED_VARIABLE = YES;
				IPHONEOS_DEPLOYMENT_TARGET = 14.0;
				MTL_ENABLE_DEBUG_INFO = NO;
				MTL_FAST_MATH = YES;
				SDKROOT = iphoneos;
				SWIFT_COMPILATION_MODE = wholemodule;
				SWIFT_OPTIMIZATION_LEVEL = "-O";
				VALIDATE_PRODUCT = YES;
			};
			name = Release;
		};
		7555FFA6242A565B00829871 /* Debug */ = {
			isa = XCBuildConfiguration;
			baseConfigurationReference = F15D286FA37BF3175F334336 /* Pods-app_client.debug.xcconfig */;
			buildSettings = {
				ASSETCATALOG_COMPILER_APPICON_NAME = AppIcon;
				CODE_SIGN_STYLE = Automatic;
				DEVELOPMENT_ASSET_PATHS = "\"src/com/tezov/rouedelice/client/Preview Content\"";
				DEVELOPMENT_TEAM = 4B2H5C22JQ;
				ENABLE_PREVIEWS = YES;
				INFOPLIST_FILE = src/com/tezov/rouedelice/client/Info.plist;
				IPHONEOS_DEPLOYMENT_TARGET = 14.0;
				LD_RUNPATH_SEARCH_PATHS = (
					"$(inherited)",
					"@executable_path/Frameworks",
				);
				PRODUCT_BUNDLE_IDENTIFIER = com.tezov.rouedelice.client.dbg;
				PRODUCT_NAME = "$(TARGET_NAME)";
				SUPPORTED_PLATFORMS = "iphoneos iphonesimulator";
				SUPPORTS_MACCATALYST = NO;
				SUPPORTS_MAC_DESIGNED_FOR_IPHONE_IPAD = NO;
				SWIFT_VERSION = 5.0;
				TARGETED_DEVICE_FAMILY = "1,2";
			};
			name = Debug;
		};
		7555FFA7242A565B00829871 /* Release */ = {
			isa = XCBuildConfiguration;
			baseConfigurationReference = BABE8E91365453B8E3E86053 /* Pods-app_client.release.xcconfig */;
			buildSettings = {
				ASSETCATALOG_COMPILER_APPICON_NAME = AppIcon;
				CODE_SIGN_STYLE = Automatic;
				DEVELOPMENT_ASSET_PATHS = "\"src/com/tezov/rouedelice/client/Preview Content\"";
				DEVELOPMENT_TEAM = 4B2H5C22JQ;
				ENABLE_PREVIEWS = YES;
				INFOPLIST_FILE = src/com/tezov/rouedelice/client/Info.plist;
				IPHONEOS_DEPLOYMENT_TARGET = 14.0;
				LD_RUNPATH_SEARCH_PATHS = (
					"$(inherited)",
					"@executable_path/Frameworks",
				);
				PRODUCT_BUNDLE_IDENTIFIER = com.tezov.rouedelice.client.rse;
				PRODUCT_NAME = "$(TARGET_NAME)";
				SUPPORTED_PLATFORMS = "iphoneos iphonesimulator";
				SUPPORTS_MACCATALYST = NO;
				SUPPORTS_MAC_DESIGNED_FOR_IPHONE_IPAD = NO;
				SWIFT_VERSION = 5.0;
				TARGETED_DEVICE_FAMILY = "1,2";
			};
			name = Release;
		};
/* End XCBuildConfiguration section */

/* Begin XCConfigurationList section */
		7555FF76242A565900829871 /* Build configuration list for PBXProject "app_client" */ = {
			isa = XCConfigurationList;
			buildConfigurations = (
				7555FFA3242A565B00829871 /* Debug */,
				7555FFA4242A565B00829871 /* Release */,
			);
			defaultConfigurationIsVisible = 0;
			defaultConfigurationName = Debug;
		};
		7555FFA5242A565B00829871 /* Build configuration list for PBXNativeTarget "app_client" */ = {
			isa = XCConfigurationList;
			buildConfigurations = (
				7555FFA6242A565B00829871 /* Debug */,
				7555FFA7242A565B00829871 /* Release */,
			);
			defaultConfigurationIsVisible = 0;
			defaultConfigurationName = Debug;
		};
/* End XCConfigurationList section */
	};
	rootObject = 7555FF73242A565900829871 /* Project object */;
}
